
Microsoft Visual Studio Solution File, Format Version 12.00
# Visual Studio Version 17
VisualStudioVersion = 17.3.32922.545
MinimumVisualStudioVersion = 10.0.40219.1
Project("{FAE04EC0-301F-11D3-BF4B-00C04F79EFBC}") = "CompanyEmployees", "CompanyEmployees\CompanyEmployees.csproj", "{761AC715-CE12-4058-8850-D61360385EBB}"
EndProject
Project("{FAE04EC0-301F-11D3-BF4B-00C04F79EFBC}") = "Contracts", "Contracts\Contracts.csproj", "{E95444D5-D4B5-4041-A8A4-6F9C56006325}"
EndProject
Project("{FAE04EC0-301F-11D3-BF4B-00C04F79EFBC}") = "LoggerService", "LoggerService\LoggerService.csproj", "{FF43B80B-8BA1-4895-A0EC-6910087BA880}"
EndProject
Project("{FAE04EC0-301F-11D3-BF4B-00C04F79EFBC}") = "Entities", "Entities\Entities.csproj", "{445E6146-BFCA-4800-88AF-094C40F7240F}"
EndProject
Project("{FAE04EC0-301F-11D3-BF4B-00C04F79EFBC}") = "Repository", "Repository\Repository.csproj", "{6F5A36D5-B97E-411A-BFAC-EBB5C8D5FE7F}"
EndProject
Global
	GlobalSection(SolutionConfigurationPlatforms) = preSolution
		Debug|Any CPU = Debug|Any CPU
		Release|Any CPU = Release|Any CPU
	EndGlobalSection
	GlobalSection(ProjectConfigurationPlatforms) = postSolution
		{761AC715-CE12-4058-8850-D61360385EBB}.Debug|Any CPU.ActiveCfg = Debug|Any CPU
		{761AC715-CE12-4058-8850-D61360385EBB}.Debug|Any CPU.Build.0 = Debug|Any CPU
		{761AC715-CE12-4058-8850-D61360385EBB}.Release|Any CPU.ActiveCfg = Release|Any CPU
		{761AC715-CE12-4058-8850-D61360385EBB}.Release|Any CPU.Build.0 = Release|Any CPU
		{E95444D5-D4B5-4041-A8A4-6F9C56006325}.Debug|Any CPU.ActiveCfg = Debug|Any CPU
		{E95444D5-D4B5-4041-A8A4-6F9C56006325}.Debug|Any CPU.Build.0 = Debug|Any CPU
		{E95444D5-D4B5-4041-A8A4-6F9C56006325}.Release|Any CPU.ActiveCfg = Release|Any CPU
		{E95444D5-D4B5-4041-A8A4-6F9C56006325}.Release|Any CPU.Build.0 = Release|Any CPU
		{FF43B80B-8BA1-4895-A0EC-6910087BA880}.Debug|Any CPU.ActiveCfg = Debug|Any CPU
		{FF43B80B-8BA1-4895-A0EC-6910087BA880}.Debug|Any CPU.Build.0 = Debug|Any CPU
		{FF43B80B-8BA1-4895-A0EC-6910087BA880}.Release|Any CPU.ActiveCfg = Release|Any CPU
		{FF43B80B-8BA1-4895-A0EC-6910087BA880}.Release|Any CPU.Build.0 = Release|Any CPU
		{445E6146-BFCA-4800-88AF-094C40F7240F}.Debug|Any CPU.ActiveCfg = Debug|Any CPU
		{445E6146-BFCA-4800-88AF-094C40F7240F}.Debug|Any CPU.Build.0 = Debug|Any CPU
		{445E6146-BFCA-4800-88AF-094C40F7240F}.Release|Any CPU.ActiveCfg = Release|Any CPU
		{445E6146-BFCA-4800-88AF-094C40F7240F}.Release|Any CPU.Build.0 = Release|Any CPU
		{6F5A36D5-B97E-411A-BFAC-EBB5C8D5FE7F}.Debug|Any CPU.ActiveCfg = Debug|Any CPU
		{6F5A36D5-B97E-411A-BFAC-EBB5C8D5FE7F}.Debug|Any CPU.Build.0 = Debug|Any CPU
		{6F5A36D5-B97E-411A-BFAC-EBB5C8D5FE7F}.Release|Any CPU.ActiveCfg = Release|Any CPU
		{6F5A36D5-B97E-411A-BFAC-EBB5C8D5FE7F}.Release|Any CPU.Build.0 = Release|Any CPU
	EndGlobalSection
	GlobalSection(SolutionProperties) = preSolution
		HideSolutionNode = FALSE
	EndGlobalSection
	GlobalSection(ExtensibilityGlobals) = postSolution
		SolutionGuid = {9C7AEB67-DEEB-44FB-88E8-9E25C05FDD10}
	EndGlobalSection
EndGlobal
